{
  "name": "mega-hwp-skill",
  "lockfileVersion": 3,
  "requires": true,
  "packages": {
    "": {
      "name": "mega-hwp-skill",
      "dependencies": {
        "@rhwp/core": "0.8.6",
        "fflate": "0.8.2"
      }
    },
    "node_modules/@rhwp/core": {
      "version": "0.8.6",
      "resolved": "https://registry.npmjs.org/@rhwp/core/-/core-0.8.6.tgz",
      "integrity": "sha512-ZMO2QMHbR4v7t86feMWiRJ4QozjjqHDGv4PyzTT4LyMuX1LeUpmQaOHrGLQpbYMJV0IWCYjVRewKqkXx+w16XQ==",
      "license": "MIT",
      "funding": {
        "url": "https://github.com/sponsors/edwardkim"
      }
    },
    "node_modules/fflate": {
      "version": "0.8.2",
      "resolved": "https://registry.npmjs.org/fflate/-/fflate-0.8.2.tgz",
      "integrity": "sha512-cPJU47OaAoCbg0pBvzsgpTPhmhqI5eJjh/JIu8tPj5q+T7iLvW/JAYUqmE7KOB4R1ZyEhzBaIQpQpardBF5z8A==",
      "license": "MIT"
    }
  }
}
